// !$*UTF8*$!
{
	archiveVersion = 1;
	classes = {
	};
	objectVersion = 56;
	objects = {

/* Begin PBXBuildFile section */
		B6A2F75D2C06168C001AEF5E /* AppDelegate.swift in Sources */ = {isa = PBXBuildFile; fileRef = B6A2F75C2C06168C001AEF5E /* AppDelegate.swift */; };
		B6A2F75F2C06168C001AEF5E /* SceneDelegate.swift in Sources */ = {isa = PBXBuildFile; fileRef = B6A2F75E2C06168C001AEF5E /* SceneDelegate.swift */; };
		B6A2F7662C06168E001AEF5E /* Assets.xcassets in Resources */ = {isa = PBXBuildFile; fileRef = B6A2F7652C06168E001AEF5E /* Assets.xcassets */; };
		B6A2F7692C06168E001AEF5E /* Base in Resources */ = {isa = PBXBuildFile; fileRef = B6A2F7682C06168E001AEF5E /* Base */; };
		B6A2F7762C06176F001AEF5E /* Car.swift in Sources */ = {isa = PBXBuildFile; fileRef = B6A2F7752C06176F001AEF5E /* Car.swift */; };
		B6A2F7792C06177D001AEF5E /* ATButton.swift in Sources */ = {isa = PBXBuildFile; fileRef = B6A2F7782C06177D001AEF5E /* ATButton.swift */; };
		B6A2F77C2C061798001AEF5E /* ATTitleLabel.swift in Sources */ = {isa = PBXBuildFile; fileRef = B6A2F77B2C061798001AEF5E /* ATTitleLabel.swift */; };
		B6A2F7842C063449001AEF5E /* GoogleService-Info.plist in Resources */ = {isa = PBXBuildFile; fileRef = B6A2F7832C063449001AEF5E /* GoogleService-Info.plist */; };
		B6A2F7872C063623001AEF5E /* SnapKit in Frameworks */ = {isa = PBXBuildFile; productRef = B6A2F7862C063623001AEF5E /* SnapKit */; };
		B6A2F7892C063623001AEF5E /* SnapKit-Dynamic in Frameworks */ = {isa = PBXBuildFile; productRef = B6A2F7882C063623001AEF5E /* SnapKit-Dynamic */; };
		B6A2F78C2C063661001AEF5E /* FirebaseAnalytics in Frameworks */ = {isa = PBXBuildFile; productRef = B6A2F78B2C063661001AEF5E /* FirebaseAnalytics */; };
		B6A2F78E2C063661001AEF5E /* FirebaseAuth in Frameworks */ = {isa = PBXBuildFile; productRef = B6A2F78D2C063661001AEF5E /* FirebaseAuth */; };
		B6A2F7902C063661001AEF5E /* FirebaseCrashlytics in Frameworks */ = {isa = PBXBuildFile; productRef = B6A2F78F2C063661001AEF5E /* FirebaseCrashlytics */; };
		B6A2F7922C063661001AEF5E /* FirebaseDatabase in Frameworks */ = {isa = PBXBuildFile; productRef = B6A2F7912C063661001AEF5E /* FirebaseDatabase */; };
		B6A2F7942C063661001AEF5E /* FirebaseDynamicLinks in Frameworks */ = {isa = PBXBuildFile; productRef = B6A2F7932C063661001AEF5E /* FirebaseDynamicLinks */; };
		B6A2F7962C063661001AEF5E /* FirebaseFirestore in Frameworks */ = {isa = PBXBuildFile; productRef = B6A2F7952C063661001AEF5E /* FirebaseFirestore */; };
		B6A2F7982C063661001AEF5E /* FirebaseFirestoreCombine-Community in Frameworks */ = {isa = PBXBuildFile; productRef = B6A2F7972C063661001AEF5E /* FirebaseFirestoreCombine-Community */; };
		B6A2F79A2C063661001AEF5E /* FirebaseRemoteConfig in Frameworks */ = {isa = PBXBuildFile; productRef = B6A2F7992C063661001AEF5E /* FirebaseRemoteConfig */; };
		B6A2F79C2C063661001AEF5E /* FirebaseStorage in Frameworks */ = {isa = PBXBuildFile; productRef = B6A2F79B2C063661001AEF5E /* FirebaseStorage */; };
		B6A2F79E2C0636A2001AEF5E /* RegisterVC.swift in Sources */ = {isa = PBXBuildFile; fileRef = B6A2F79D2C0636A2001AEF5E /* RegisterVC.swift */; };
		B6A2F7A02C0636AC001AEF5E /* LoginVC.swift in Sources */ = {isa = PBXBuildFile; fileRef = B6A2F79F2C0636AC001AEF5E /* LoginVC.swift */; };
		B6A2F7A22C0636B6001AEF5E /* HomeVC.swift in Sources */ = {isa = PBXBuildFile; fileRef = B6A2F7A12C0636B6001AEF5E /* HomeVC.swift */; };
		B6A2F7A42C0636C0001AEF5E /* DetailsVC.swift in Sources */ = {isa = PBXBuildFile; fileRef = B6A2F7A32C0636C0001AEF5E /* DetailsVC.swift */; };
		B6A2F7A62C06370A001AEF5E /* Constants.swift in Sources */ = {isa = PBXBuildFile; fileRef = B6A2F7A52C06370A001AEF5E /* Constants.swift */; };
		B6A2F7A82C06371F001AEF5E /* UIView+Ext.swift in Sources */ = {isa = PBXBuildFile; fileRef = B6A2F7A72C06371F001AEF5E /* UIView+Ext.swift */; };
		B6A2F7AA2C063744001AEF5E /* HomeCell.swift in Sources */ = {isa = PBXBuildFile; fileRef = B6A2F7A92C063744001AEF5E /* HomeCell.swift */; };
		B6A2F7AC2C063761001AEF5E /* CarAvatarImageView.swift in Sources */ = {isa = PBXBuildFile; fileRef = B6A2F7AB2C063761001AEF5E /* CarAvatarImageView.swift */; };
		B6A2F7AE2C063780001AEF5E /* CarDetailsView.swift in Sources */ = {isa = PBXBuildFile; fileRef = B6A2F7AD2C063780001AEF5E /* CarDetailsView.swift */; };
		B6A2F7B02C063797001AEF5E /* ATAlertContainerView.swift in Sources */ = {isa = PBXBuildFile; fileRef = B6A2F7AF2C063797001AEF5E /* ATAlertContainerView.swift */; };
		B6A2F7B22C0637BA001AEF5E /* ATAlertVC.swift in Sources */ = {isa = PBXBuildFile; fileRef = B6A2F7B12C0637BA001AEF5E /* ATAlertVC.swift */; };
		B6A2F7B42C0637D9001AEF5E /* ATBodyLabel.swift in Sources */ = {isa = PBXBuildFile; fileRef = B6A2F7B32C0637D9001AEF5E /* ATBodyLabel.swift */; };
		B6A2F7B62C0637E9001AEF5E /* ATSecondaryTitleLabel.swift in Sources */ = {isa = PBXBuildFile; fileRef = B6A2F7B52C0637E9001AEF5E /* ATSecondaryTitleLabel.swift */; };
/* End PBXBuildFile section */

/* Begin PBXFileReference section */
		B6A2F7592C06168C001AEF5E /* AracTakipApp.app */ = {isa = PBXFileReference; explicitFileType = wrapper.application; includeInIndex = 0; path = AracTakipApp.app; sourceTree = BUILT_PRODUCTS_DIR; };
		B6A2F75C2C06168C001AEF5E /* AppDelegate.swift */ = {isa = PBXFileReference; lastKnownFileType = sourcecode.swift; path = AppDelegate.swift; sourceTree = "<group>"; };
		B6A2F75E2C06168C001AEF5E /* SceneDelegate.swift */ = {isa = PBXFileReference; lastKnownFileType = sourcecode.swift; path = SceneDelegate.swift; sourceTree = "<group>"; };
		B6A2F7652C06168E001AEF5E /* Assets.xcassets */ = {isa = PBXFileReference; lastKnownFileType = folder.assetcatalog; path = Assets.xcassets; sourceTree = "<group>"; };
		B6A2F7682C06168E001AEF5E /* Base */ = {isa = PBXFileReference; lastKnownFileType = file.storyboard; name = Base; path = Base.lproj/LaunchScreen.storyboard; sourceTree = "<group>"; };
		B6A2F76A2C06168E001AEF5E /* Info.plist */ = {isa = PBXFileReference; lastKnownFileType = text.plist.xml; path = Info.plist; sourceTree = "<group>"; };
		B6A2F7752C06176F001AEF5E /* Car.swift */ = {isa = PBXFileReference; lastKnownFileType = sourcecode.swift; path = Car.swift; sourceTree = "<group>"; };
		B6A2F7782C06177D001AEF5E /* ATButton.swift */ = {isa = PBXFileReference; lastKnownFileType = sourcecode.swift; path = ATButton.swift; sourceTree = "<group>"; };
		B6A2F77B2C061798001AEF5E /* ATTitleLabel.swift */ = {isa = PBXFileReference; lastKnownFileType = sourcecode.swift; path = ATTitleLabel.swift; sourceTree = "<group>"; };
		B6A2F7832C063449001AEF5E /* GoogleService-Info.plist */ = {isa = PBXFileReference; fileEncoding = 4; lastKnownFileType = text.plist.xml; path = "GoogleService-Info.plist"; sourceTree = "<group>"; };
		B6A2F79D2C0636A2001AEF5E /* RegisterVC.swift */ = {isa = PBXFileReference; lastKnownFileType = sourcecode.swift; path = RegisterVC.swift; sourceTree = "<group>"; };
		B6A2F79F2C0636AC001AEF5E /* LoginVC.swift */ = {isa = PBXFileReference; lastKnownFileType = sourcecode.swift; path = LoginVC.swift; sourceTree = "<group>"; };
		B6A2F7A12C0636B6001AEF5E /* HomeVC.swift */ = {isa = PBXFileReference; lastKnownFileType = sourcecode.swift; path = HomeVC.swift; sourceTree = "<group>"; };
		B6A2F7A32C0636C0001AEF5E /* DetailsVC.swift */ = {isa = PBXFileReference; lastKnownFileType = sourcecode.swift; path = DetailsVC.swift; sourceTree = "<group>"; };
		B6A2F7A52C06370A001AEF5E /* Constants.swift */ = {isa = PBXFileReference; lastKnownFileType = sourcecode.swift; path = Constants.swift; sourceTree = "<group>"; };
		B6A2F7A72C06371F001AEF5E /* UIView+Ext.swift */ = {isa = PBXFileReference; lastKnownFileType = sourcecode.swift; path = "UIView+Ext.swift"; sourceTree = "<group>"; };
		B6A2F7A92C063744001AEF5E /* HomeCell.swift */ = {isa = PBXFileReference; lastKnownFileType = sourcecode.swift; path = HomeCell.swift; sourceTree = "<group>"; };
		B6A2F7AB2C063761001AEF5E /* CarAvatarImageView.swift */ = {isa = PBXFileReference; lastKnownFileType = sourcecode.swift; path = CarAvatarImageView.swift; sourceTree = "<group>"; };
		B6A2F7AD2C063780001AEF5E /* CarDetailsView.swift */ = {isa = PBXFileReference; lastKnownFileType = sourcecode.swift; path = CarDetailsView.swift; sourceTree = "<group>"; };
		B6A2F7AF2C063797001AEF5E /* ATAlertContainerView.swift */ = {isa = PBXFileReference; lastKnownFileType = sourcecode.swift; path = ATAlertContainerView.swift; sourceTree = "<group>"; };
		B6A2F7B12C0637BA001AEF5E /* ATAlertVC.swift */ = {isa = PBXFileReference; lastKnownFileType = sourcecode.swift; path = ATAlertVC.swift; sourceTree = "<group>"; };
		B6A2F7B32C0637D9001AEF5E /* ATBodyLabel.swift */ = {isa = PBXFileReference; lastKnownFileType = sourcecode.swift; path = ATBodyLabel.swift; sourceTree = "<group>"; };
		B6A2F7B52C0637E9001AEF5E /* ATSecondaryTitleLabel.swift */ = {isa = PBXFileReference; lastKnownFileType = sourcecode.swift; path = ATSecondaryTitleLabel.swift; sourceTree = "<group>"; };
/* End PBXFileReference section */

/* Begin PBXFrameworksBuildPhase section */
		B6A2F7562C06168C001AEF5E /* Frameworks */ = {
			isa = PBXFrameworksBuildPhase;
			buildActionMask = 2147483647;
			files = (
				B6A2F7922C063661001AEF5E /* FirebaseDatabase in Frameworks */,
				B6A2F7872C063623001AEF5E /* SnapKit in Frameworks */,
				B6A2F7892C063623001AEF5E /* SnapKit-Dynamic in Frameworks */,
				B6A2F7982C063661001AEF5E /* FirebaseFirestoreCombine-Community in Frameworks */,
				B6A2F7902C063661001AEF5E /* FirebaseCrashlytics in Frameworks */,
				B6A2F78C2C063661001AEF5E /* FirebaseAnalytics in Frameworks */,
				B6A2F7962C063661001AEF5E /* FirebaseFirestore in Frameworks */,
				B6A2F7942C063661001AEF5E /* FirebaseDynamicLinks in Frameworks */,
				B6A2F79C2C063661001AEF5E /* FirebaseStorage in Frameworks */,
				B6A2F78E2C063661001AEF5E /* FirebaseAuth in Frameworks */,
				B6A2F79A2C063661001AEF5E /* FirebaseRemoteConfig in Frameworks */,
			);
			runOnlyForDeploymentPostprocessing = 0;
		};
/* End PBXFrameworksBuildPhase section */

/* Begin PBXGroup section */
		B6A2F7502C06168C001AEF5E = {
			isa = PBXGroup;
			children = (
				B6A2F75B2C06168C001AEF5E /* AracTakipApp */,
				B6A2F75A2C06168C001AEF5E /* Products */,
			);
			sourceTree = "<group>";
		};
		B6A2F75A2C06168C001AEF5E /* Products */ = {
			isa = PBXGroup;
			children = (
				B6A2F7592C06168C001AEF5E /* AracTakipApp.app */,
			);
			name = Products;
			sourceTree = "<group>";
		};
		B6A2F75B2C06168C001AEF5E /* AracTakipApp */ = {
			isa = PBXGroup;
			children = (
				B6A2F75C2C06168C001AEF5E /* AppDelegate.swift */,
				B6A2F75E2C06168C001AEF5E /* SceneDelegate.swift */,
				B6A2F7742C061726001AEF5E /* Model */,
				B6A2F7732C061721001AEF5E /* CustomViews */,
				B6A2F7702C0616EF001AEF5E /* Extensions */,
				B6A2F7722C061702001AEF5E /* Utilities */,
				B6A2F7712C0616F6001AEF5E /* Screens */,
				B6A2F7652C06168E001AEF5E /* Assets.xcassets */,
				B6A2F7672C06168E001AEF5E /* LaunchScreen.storyboard */,
				B6A2F76A2C06168E001AEF5E /* Info.plist */,
				B6A2F7832C063449001AEF5E /* GoogleService-Info.plist */,
			);
			path = AracTakipApp;
			sourceTree = "<group>";
		};
		B6A2F7702C0616EF001AEF5E /* Extensions */ = {
			isa = PBXGroup;
			children = (
				B6A2F7A72C06371F001AEF5E /* UIView+Ext.swift */,
			);
			path = Extensions;
			sourceTree = "<group>";
		};
		B6A2F7712C0616F6001AEF5E /* Screens */ = {
			isa = PBXGroup;
			children = (
				B6A2F7A12C0636B6001AEF5E /* HomeVC.swift */,
				B6A2F7A32C0636C0001AEF5E /* DetailsVC.swift */,
				B6A2F79F2C0636AC001AEF5E /* LoginVC.swift */,
				B6A2F79D2C0636A2001AEF5E /* RegisterVC.swift */,
			);
			path = Screens;
			sourceTree = "<group>";
		};
		B6A2F7722C061702001AEF5E /* Utilities */ = {
			isa = PBXGroup;
			children = (
				B6A2F7A52C06370A001AEF5E /* Constants.swift */,
			);
			path = Utilities;
			sourceTree = "<group>";
		};
		B6A2F7732C061721001AEF5E /* CustomViews */ = {
			isa = PBXGroup;
			children = (
				B6A2F7772C061775001AEF5E /* Buttons */,
				B6A2F77A2C061787001AEF5E /* Labels */,
				B6A2F77D2C063240001AEF5E /* ViewControllers */,
				B6A2F77E2C063248001AEF5E /* Views */,
				B6A2F77F2C06324E001AEF5E /* ImageViews */,
				B6A2F7802C06325C001AEF5E /* Cells */,
			);
			path = CustomViews;
			sourceTree = "<group>";
		};
		B6A2F7742C061726001AEF5E /* Model */ = {
			isa = PBXGroup;
			children = (
				B6A2F7752C06176F001AEF5E /* Car.swift */,
			);
			path = Model;
			sourceTree = "<group>";
		};
		B6A2F7772C061775001AEF5E /* Buttons */ = {
			isa = PBXGroup;
			children = (
				B6A2F7782C06177D001AEF5E /* ATButton.swift */,
			);
			path = Buttons;
			sourceTree = "<group>";
		};
		B6A2F77A2C061787001AEF5E /* Labels */ = {
			isa = PBXGroup;
			children = (
				B6A2F77B2C061798001AEF5E /* ATTitleLabel.swift */,
				B6A2F7B32C0637D9001AEF5E /* ATBodyLabel.swift */,
				B6A2F7B52C0637E9001AEF5E /* ATSecondaryTitleLabel.swift */,
			);
			path = Labels;
			sourceTree = "<group>";
		};
		B6A2F77D2C063240001AEF5E /* ViewControllers */ = {
			isa = PBXGroup;
			children = (
				B6A2F7B12C0637BA001AEF5E /* ATAlertVC.swift */,
			);
			path = ViewControllers;
			sourceTree = "<group>";
		};
		B6A2F77E2C063248001AEF5E /* Views */ = {
			isa = PBXGroup;
			children = (
				B6A2F7AD2C063780001AEF5E /* CarDetailsView.swift */,
				B6A2F7AF2C063797001AEF5E /* ATAlertContainerView.swift */,
			);
			path = Views;
			sourceTree = "<group>";
		};
		B6A2F77F2C06324E001AEF5E /* ImageViews */ = {
			isa = PBXGroup;
			children = (
				B6A2F7AB2C063761001AEF5E /* CarAvatarImageView.swift */,
			);
			path = ImageViews;
			sourceTree = "<group>";
		};
		B6A2F7802C06325C001AEF5E /* Cells */ = {
			isa = PBXGroup;
			children = (
				B6A2F7A92C063744001AEF5E /* HomeCell.swift */,
			);
			path = Cells;
			sourceTree = "<group>";
		};
/* End PBXGroup section */

/* Begin PBXNativeTarget section */
		B6A2F7582C06168C001AEF5E /* AracTakipApp */ = {
			isa = PBXNativeTarget;
			buildConfigurationList = B6A2F76D2C06168E001AEF5E /* Build configuration list for PBXNativeTarget "AracTakipApp" */;
			buildPhases = (
				B6A2F7552C06168C001AEF5E /* Sources */,
				B6A2F7562C06168C001AEF5E /* Frameworks */,
				B6A2F7572C06168C001AEF5E /* Resources */,
			);
			buildRules = (
			);
			dependencies = (
			);
			name = AracTakipApp;
			packageProductDependencies = (
				B6A2F7862C063623001AEF5E /* SnapKit */,
				B6A2F7882C063623001AEF5E /* SnapKit-Dynamic */,
				B6A2F78B2C063661001AEF5E /* FirebaseAnalytics */,
				B6A2F78D2C063661001AEF5E /* FirebaseAuth */,
				B6A2F78F2C063661001AEF5E /* FirebaseCrashlytics */,
				B6A2F7912C063661001AEF5E /* FirebaseDatabase */,
				B6A2F7932C063661001AEF5E /* FirebaseDynamicLinks */,
				B6A2F7952C063661001AEF5E /* FirebaseFirestore */,
				B6A2F7972C063661001AEF5E /* FirebaseFirestoreCombine-Community */,
				B6A2F7992C063661001AEF5E /* FirebaseRemoteConfig */,
				B6A2F79B2C063661001AEF5E /* FirebaseStorage */,
			);
			productName = AracTakipApp;
			productReference = B6A2F7592C06168C001AEF5E /* AracTakipApp.app */;
			productType = "com.apple.product-type.application";
		};
/* End PBXNativeTarget section */

/* Begin PBXProject section */
		B6A2F7512C06168C001AEF5E /* Project object */ = {
			isa = PBXProject;
			attributes = {
				BuildIndependentTargetsInParallel = 1;
				LastSwiftUpdateCheck = 1530;
				LastUpgradeCheck = 1530;
				TargetAttributes = {
					B6A2F7582C06168C001AEF5E = {
						CreatedOnToolsVersion = 15.3;
					};
				};
			};
			buildConfigurationList = B6A2F7542C06168C001AEF5E /* Build configuration list for PBXProject "AracTakipApp" */;
			compatibilityVersion = "Xcode 14.0";
			developmentRegion = en;
			hasScannedForEncodings = 0;
			knownRegions = (
				en,
				Base,
			);
			mainGroup = B6A2F7502C06168C001AEF5E;
			packageReferences = (
				B6A2F7852C063623001AEF5E /* XCRemoteSwiftPackageReference "SnapKit" */,
				B6A2F78A2C063661001AEF5E /* XCRemoteSwiftPackageReference "firebase-ios-sdk" */,
			);
			productRefGroup = B6A2F75A2C06168C001AEF5E /* Products */;
			projectDirPath = "";
			projectRoot = "";
			targets = (
				B6A2F7582C06168C001AEF5E /* AracTakipApp */,
			);
		};
/* End PBXProject section */

/* Begin PBXResourcesBuildPhase section */
		B6A2F7572C06168C001AEF5E /* Resources */ = {
			isa = PBXResourcesBuildPhase;
			buildActionMask = 2147483647;
			files = (
				B6A2F7842C063449001AEF5E /* GoogleService-Info.plist in Resources */,
				B6A2F7662C06168E001AEF5E /* Assets.xcassets in Resources */,
				B6A2F7692C06168E001AEF5E /* Base in Resources */,
			);
			runOnlyForDeploymentPostprocessing = 0;
		};
/* End PBXResourcesBuildPhase section */

/* Begin PBXSourcesBuildPhase section */
		B6A2F7552C06168C001AEF5E /* Sources */ = {
			isa = PBXSourcesBuildPhase;
			buildActionMask = 2147483647;
			files = (
				B6A2F7B22C0637BA001AEF5E /* ATAlertVC.swift in Sources */,
				B6A2F77C2C061798001AEF5E /* ATTitleLabel.swift in Sources */,
				B6A2F7A82C06371F001AEF5E /* UIView+Ext.swift in Sources */,
				B6A2F7A22C0636B6001AEF5E /* HomeVC.swift in Sources */,
				B6A2F75D2C06168C001AEF5E /* AppDelegate.swift in Sources */,
				B6A2F7A02C0636AC001AEF5E /* LoginVC.swift in Sources */,
				B6A2F7A42C0636C0001AEF5E /* DetailsVC.swift in Sources */,
				B6A2F7AE2C063780001AEF5E /* CarDetailsView.swift in Sources */,
				B6A2F7AC2C063761001AEF5E /* CarAvatarImageView.swift in Sources */,
				B6A2F7B02C063797001AEF5E /* ATAlertContainerView.swift in Sources */,
				B6A2F7A62C06370A001AEF5E /* Constants.swift in Sources */,
				B6A2F75F2C06168C001AEF5E /* SceneDelegate.swift in Sources */,
				B6A2F79E2C0636A2001AEF5E /* RegisterVC.swift in Sources */,
				B6A2F7B42C0637D9001AEF5E /* ATBodyLabel.swift in Sources */,
				B6A2F7792C06177D001AEF5E /* ATButton.swift in Sources */,
				B6A2F7AA2C063744001AEF5E /* HomeCell.swift in Sources */,
				B6A2F7762C06176F001AEF5E /* Car.swift in Sources */,
				B6A2F7B62C0637E9001AEF5E /* ATSecondaryTitleLabel.swift in Sources */,
			);
			runOnlyForDeploymentPostprocessing = 0;
		};
/* End PBXSourcesBuildPhase section */

/* Begin PBXVariantGroup section */
		B6A2F7672C06168E001AEF5E /* LaunchScreen.storyboard */ = {
			isa = PBXVariantGroup;
			children = (
				B6A2F7682C06168E001AEF5E /* Base */,
			);
			name = LaunchScreen.storyboard;
			sourceTree = "<group>";
		};
/* End PBXVariantGroup section */

/* Begin XCBuildConfiguration section */
		B6A2F76B2C06168E001AEF5E /* Debug */ = {
			isa = XCBuildConfiguration;
			buildSettings = {
				ALWAYS_SEARCH_USER_PATHS = NO;
				ASSETCATALOG_COMPILER_GENERATE_SWIFT_ASSET_SYMBOL_EXTENSIONS = YES;
				CLANG_ANALYZER_NONNULL = YES;
				CLANG_ANALYZER_NUMBER_OBJECT_CONVERSION = YES_AGGRESSIVE;
				CLANG_CXX_LANGUAGE_STANDARD = "gnu++20";
				CLANG_ENABLE_MODULES = YES;
				CLANG_ENABLE_OBJC_ARC = YES;
				CLANG_ENABLE_OBJC_WEAK = YES;
				CLANG_WARN_BLOCK_CAPTURE_AUTORELEASING = YES;
				CLANG_WARN_BOOL_CONVERSION = YES;
				CLANG_WARN_COMMA = YES;
				CLANG_WARN_CONSTANT_CONVERSION = YES;
				CLANG_WARN_DEPRECATED_OBJC_IMPLEMENTATIONS = YES;
				CLANG_WARN_DIRECT_OBJC_ISA_USAGE = YES_ERROR;
				CLANG_WARN_DOCUMENTATION_COMMENTS = YES;
				CLANG_WARN_EMPTY_BODY = YES;
				CLANG_WARN_ENUM_CONVERSION = YES;
				CLANG_WARN_INFINITE_RECURSION = YES;
				CLANG_WARN_INT_CONVERSION = YES;
				CLANG_WARN_NON_LITERAL_NULL_CONVERSION = YES;
				CLANG_WARN_OBJC_IMPLICIT_RETAIN_SELF = YES;
				CLANG_WARN_OBJC_LITERAL_CONVERSION = YES;
				CLANG_WARN_OBJC_ROOT_CLASS = YES_ERROR;
				CLANG_WARN_QUOTED_INCLUDE_IN_FRAMEWORK_HEADER = YES;
				CLANG_WARN_RANGE_LOOP_ANALYSIS = YES;
				CLANG_WARN_STRICT_PROTOTYPES = YES;
				CLANG_WARN_SUSPICIOUS_MOVE = YES;
				CLANG_WARN_UNGUARDED_AVAILABILITY = YES_AGGRESSIVE;
				CLANG_WARN_UNREACHABLE_CODE = YES;
				CLANG_WARN__DUPLICATE_METHOD_MATCH = YES;
				COPY_PHASE_STRIP = NO;
				DEBUG_INFORMATION_FORMAT = dwarf;
				ENABLE_STRICT_OBJC_MSGSEND = YES;
				ENABLE_TESTABILITY = YES;
				ENABLE_USER_SCRIPT_SANDBOXING = YES;
				GCC_C_LANGUAGE_STANDARD = gnu17;
				GCC_DYNAMIC_NO_PIC = NO;
				GCC_NO_COMMON_BLOCKS = YES;
				GCC_OPTIMIZATION_LEVEL = 0;
				GCC_PREPROCESSOR_DEFINITIONS = (
					"DEBUG=1",
					"$(inherited)",
				);
				GCC_WARN_64_TO_32_BIT_CONVERSION = YES;
				GCC_WARN_ABOUT_RETURN_TYPE = YES_ERROR;
				GCC_WARN_UNDECLARED_SELECTOR = YES;
				GCC_WARN_UNINITIALIZED_AUTOS = YES_AGGRESSIVE;
				GCC_WARN_UNUSED_FUNCTION = YES;
				GCC_WARN_UNUSED_VARIABLE = YES;
				IPHONEOS_DEPLOYMENT_TARGET = 17.4;
				LOCALIZATION_PREFERS_STRING_CATALOGS = YES;
				MTL_ENABLE_DEBUG_INFO = INCLUDE_SOURCE;
				MTL_FAST_MATH = YES;
				ONLY_ACTIVE_ARCH = YES;
				SDKROOT = iphoneos;
				SWIFT_ACTIVE_COMPILATION_CONDITIONS = "DEBUG $(inherited)";
				SWIFT_OPTIMIZATION_LEVEL = "-Onone";
			};
			name = Debug;
		};
		B6A2F76C2C06168E001AEF5E /* Release */ = {
			isa = XCBuildConfiguration;
			buildSettings = {
				ALWAYS_SEARCH_USER_PATHS = NO;
				ASSETCATALOG_COMPILER_GENERATE_SWIFT_ASSET_SYMBOL_EXTENSIONS = YES;
				CLANG_ANALYZER_NONNULL = YES;
				CLANG_ANALYZER_NUMBER_OBJECT_CONVERSION = YES_AGGRESSIVE;
				CLANG_CXX_LANGUAGE_STANDARD = "gnu++20";
				CLANG_ENABLE_MODULES = YES;
				CLANG_ENABLE_OBJC_ARC = YES;
				CLANG_ENABLE_OBJC_WEAK = YES;
				CLANG_WARN_BLOCK_CAPTURE_AUTORELEASING = YES;
				CLANG_WARN_BOOL_CONVERSION = YES;
				CLANG_WARN_COMMA = YES;
				CLANG_WARN_CONSTANT_CONVERSION = YES;
				CLANG_WARN_DEPRECATED_OBJC_IMPLEMENTATIONS = YES;
				CLANG_WARN_DIRECT_OBJC_ISA_USAGE = YES_ERROR;
				CLANG_WARN_DOCUMENTATION_COMMENTS = YES;
				CLANG_WARN_EMPTY_BODY = YES;
				CLANG_WARN_ENUM_CONVERSION = YES;
				CLANG_WARN_INFINITE_RECURSION = YES;
				CLANG_WARN_INT_CONVERSION = YES;
				CLANG_WARN_NON_LITERAL_NULL_CONVERSION = YES;
				CLANG_WARN_OBJC_IMPLICIT_RETAIN_SELF = YES;
				CLANG_WARN_OBJC_LITERAL_CONVERSION = YES;
				CLANG_WARN_OBJC_ROOT_CLASS = YES_ERROR;
				CLANG_WARN_QUOTED_INCLUDE_IN_FRAMEWORK_HEADER = YES;
				CLANG_WARN_RANGE_LOOP_ANALYSIS = YES;
				CLANG_WARN_STRICT_PROTOTYPES = YES;
				CLANG_WARN_SUSPICIOUS_MOVE = YES;
				CLANG_WARN_UNGUARDED_AVAILABILITY = YES_AGGRESSIVE;
				CLANG_WARN_UNREACHABLE_CODE = YES;
				CLANG_WARN__DUPLICATE_METHOD_MATCH = YES;
				COPY_PHASE_STRIP = NO;
				DEBUG_INFORMATION_FORMAT = "dwarf-with-dsym";
				ENABLE_NS_ASSERTIONS = NO;
				ENABLE_STRICT_OBJC_MSGSEND = YES;
				ENABLE_USER_SCRIPT_SANDBOXING = YES;
				GCC_C_LANGUAGE_STANDARD = gnu17;
				GCC_NO_COMMON_BLOCKS = YES;
				GCC_WARN_64_TO_32_BIT_CONVERSION = YES;
				GCC_WARN_ABOUT_RETURN_TYPE = YES_ERROR;
				GCC_WARN_UNDECLARED_SELECTOR = YES;
				GCC_WARN_UNINITIALIZED_AUTOS = YES_AGGRESSIVE;
				GCC_WARN_UNUSED_FUNCTION = YES;
				GCC_WARN_UNUSED_VARIABLE = YES;
				IPHONEOS_DEPLOYMENT_TARGET = 17.4;
				LOCALIZATION_PREFERS_STRING_CATALOGS = YES;
				MTL_ENABLE_DEBUG_INFO = NO;
				MTL_FAST_MATH = YES;
				SDKROOT = iphoneos;
				SWIFT_COMPILATION_MODE = wholemodule;
				VALIDATE_PRODUCT = YES;
			};
			name = Release;
		};
		B6A2F76E2C06168E001AEF5E /* Debug */ = {
			isa = XCBuildConfiguration;
			buildSettings = {
				ASSETCATALOG_COMPILER_APPICON_NAME = AppIcon;
				ASSETCATALOG_COMPILER_GLOBAL_ACCENT_COLOR_NAME = AccentColor;
				CODE_SIGN_STYLE = Automatic;
				CURRENT_PROJECT_VERSION = 1;
				DEVELOPMENT_TEAM = 4S74JS2879;
				GENERATE_INFOPLIST_FILE = YES;
				INFOPLIST_FILE = AracTakipApp/Info.plist;
				INFOPLIST_KEY_UIApplicationSupportsIndirectInputEvents = YES;
				INFOPLIST_KEY_UILaunchStoryboardName = LaunchScreen;
				INFOPLIST_KEY_UISupportedInterfaceOrientations_iPad = "UIInterfaceOrientationPortrait UIInterfaceOrientationPortraitUpsideDown UIInterfaceOrientationLandscapeLeft UIInterfaceOrientationLandscapeRight";
				INFOPLIST_KEY_UISupportedInterfaceOrientations_iPhone = "UIInterfaceOrientationPortrait UIInterfaceOrientationLandscapeLeft UIInterfaceOrientationLandscapeRight";
				LD_RUNPATH_SEARCH_PATHS = (
					"$(inherited)",
					"@executable_path/Frameworks",
				);
				MARKETING_VERSION = 1.0;
				PRODUCT_BUNDLE_IDENTIFIER = com.selcukileri.AracTakipApp;
				PRODUCT_NAME = "$(TARGET_NAME)";
				SWIFT_EMIT_LOC_STRINGS = YES;
				SWIFT_VERSION = 5.0;
				TARGETED_DEVICE_FAMILY = "1,2";
			};
			name = Debug;
		};
		B6A2F76F2C06168E001AEF5E /* Release */ = {
			isa = XCBuildConfiguration;
			buildSettings = {
				ASSETCATALOG_COMPILER_APPICON_NAME = AppIcon;
				ASSETCATALOG_COMPILER_GLOBAL_ACCENT_COLOR_NAME = AccentColor;
				CODE_SIGN_STYLE = Automatic;
				CURRENT_PROJECT_VERSION = 1;
				DEVELOPMENT_TEAM = 4S74JS2879;
				GENERATE_INFOPLIST_FILE = YES;
				INFOPLIST_FILE = AracTakipApp/Info.plist;
				INFOPLIST_KEY_UIApplicationSupportsIndirectInputEvents = YES;
				INFOPLIST_KEY_UILaunchStoryboardName = LaunchScreen;
				INFOPLIST_KEY_UISupportedInterfaceOrientations_iPad = "UIInterfaceOrientationPortrait UIInterfaceOrientationPortraitUpsideDown UIInterfaceOrientationLandscapeLeft UIInterfaceOrientationLandscapeRight";
				INFOPLIST_KEY_UISupportedInterfaceOrientations_iPhone = "UIInterfaceOrientationPortrait UIInterfaceOrientationLandscapeLeft UIInterfaceOrientationLandscapeRight";
				LD_RUNPATH_SEARCH_PATHS = (
					"$(inherited)",
					"@executable_path/Frameworks",
				);
				MARKETING_VERSION = 1.0;
				PRODUCT_BUNDLE_IDENTIFIER = com.selcukileri.AracTakipApp;
				PRODUCT_NAME = "$(TARGET_NAME)";
				SWIFT_EMIT_LOC_STRINGS = YES;
				SWIFT_VERSION = 5.0;
				TARGETED_DEVICE_FAMILY = "1,2";
			};
			name = Release;
		};
/* End XCBuildConfiguration section */

/* Begin XCConfigurationList section */
		B6A2F7542C06168C001AEF5E /* Build configuration list for PBXProject "AracTakipApp" */ = {
			isa = XCConfigurationList;
			buildConfigurations = (
				B6A2F76B2C06168E001AEF5E /* Debug */,
				B6A2F76C2C06168E001AEF5E /* Release */,
			);
			defaultConfigurationIsVisible = 0;
			defaultConfigurationName = Release;
		};
		B6A2F76D2C06168E001AEF5E /* Build configuration list for PBXNativeTarget "AracTakipApp" */ = {
			isa = XCConfigurationList;
			buildConfigurations = (
				B6A2F76E2C06168E001AEF5E /* Debug */,
				B6A2F76F2C06168E001AEF5E /* Release */,
			);
			defaultConfigurationIsVisible = 0;
			defaultConfigurationName = Release;
		};
/* End XCConfigurationList section */

/* Begin XCRemoteSwiftPackageReference section */
		B6A2F7852C063623001AEF5E /* XCRemoteSwiftPackageReference "SnapKit" */ = {
			isa = XCRemoteSwiftPackageReference;
			repositoryURL = "https://github.com/SnapKit/SnapKit.git";
			requirement = {
				kind = upToNextMajorVersion;
				minimumVersion = 5.7.1;
			};
		};
		B6A2F78A2C063661001AEF5E /* XCRemoteSwiftPackageReference "firebase-ios-sdk" */ = {
			isa = XCRemoteSwiftPackageReference;
			repositoryURL = "https://github.com/firebase/firebase-ios-sdk";
			requirement = {
				kind = upToNextMajorVersion;
				minimumVersion = 10.26.0;
			};
		};
/* End XCRemoteSwiftPackageReference section */

/* Begin XCSwiftPackageProductDependency section */
		B6A2F7862C063623001AEF5E /* SnapKit */ = {
			isa = XCSwiftPackageProductDependency;
			package = B6A2F7852C063623001AEF5E /* XCRemoteSwiftPackageReference "SnapKit" */;
			productName = SnapKit;
		};
		B6A2F7882C063623001AEF5E /* SnapKit-Dynamic */ = {
			isa = XCSwiftPackageProductDependency;
			package = B6A2F7852C063623001AEF5E /* XCRemoteSwiftPackageReference "SnapKit" */;
			productName = "SnapKit-Dynamic";
		};
		B6A2F78B2C063661001AEF5E /* FirebaseAnalytics */ = {
			isa = XCSwiftPackageProductDependency;
			package = B6A2F78A2C063661001AEF5E /* XCRemoteSwiftPackageReference "firebase-ios-sdk" */;
			productName = FirebaseAnalytics;
		};
		B6A2F78D2C063661001AEF5E /* FirebaseAuth */ = {
			isa = XCSwiftPackageProductDependency;
			package = B6A2F78A2C063661001AEF5E /* XCRemoteSwiftPackageReference "firebase-ios-sdk" */;
			productName = FirebaseAuth;
		};
		B6A2F78F2C063661001AEF5E /* FirebaseCrashlytics */ = {
			isa = XCSwiftPackageProductDependency;
			package = B6A2F78A2C063661001AEF5E /* XCRemoteSwiftPackageReference "firebase-ios-sdk" */;
			productName = FirebaseCrashlytics;
		};
		B6A2F7912C063661001AEF5E /* FirebaseDatabase */ = {
			isa = XCSwiftPackageProductDependency;
			package = B6A2F78A2C063661001AEF5E /* XCRemoteSwiftPackageReference "firebase-ios-sdk" */;
			productName = FirebaseDatabase;
		};
		B6A2F7932C063661001AEF5E /* FirebaseDynamicLinks */ = {
			isa = XCSwiftPackageProductDependency;
			package = B6A2F78A2C063661001AEF5E /* XCRemoteSwiftPackageReference "firebase-ios-sdk" */;
			productName = FirebaseDynamicLinks;
		};
		B6A2F7952C063661001AEF5E /* FirebaseFirestore */ = {
			isa = XCSwiftPackageProductDependency;
			package = B6A2F78A2C063661001AEF5E /* XCRemoteSwiftPackageReference "firebase-ios-sdk" */;
			productName = FirebaseFirestore;
		};
		B6A2F7972C063661001AEF5E /* FirebaseFirestoreCombine-Community */ = {
			isa = XCSwiftPackageProductDependency;
			package = B6A2F78A2C063661001AEF5E /* XCRemoteSwiftPackageReference "firebase-ios-sdk" */;
			productName = "FirebaseFirestoreCombine-Community";
		};
		B6A2F7992C063661001AEF5E /* FirebaseRemoteConfig */ = {
			isa = XCSwiftPackageProductDependency;
			package = B6A2F78A2C063661001AEF5E /* XCRemoteSwiftPackageReference "firebase-ios-sdk" */;
			productName = FirebaseRemoteConfig;
		};
		B6A2F79B2C063661001AEF5E /* FirebaseStorage */ = {
			isa = XCSwiftPackageProductDependency;
			package = B6A2F78A2C063661001AEF5E /* XCRemoteSwiftPackageReference "firebase-ios-sdk" */;
			productName = FirebaseStorage;
		};
/* End XCSwiftPackageProductDependency section */
	};
	rootObject = B6A2F7512C06168C001AEF5E /* Project object */;
}
